
Microsoft Visual Studio Solution File, Format Version 12.00
# Visual Studio Version 16
VisualStudioVersion = 16.0.31025.218
MinimumVisualStudioVersion = 10.0.40219.1
Project("{FAE04EC0-301F-11D3-BF4B-00C04F79EFBC}") = "Register SSO", "Register SSO\Register SSO.csproj", "{9CDE03FF-9638-46AE-A601-76666ABE9F37}"
EndProject
Global
	GlobalSection(SolutionConfigurationPlatforms) = preSolution
		Debug|Any CPU = Debug|Any CPU
		Release|Any CPU = Release|Any CPU
	EndGlobalSection
	GlobalSection(ProjectConfigurationPlatforms) = postSolution
		{9CDE03FF-9638-46AE-A601-76666ABE9F37}.Debug|Any CPU.ActiveCfg = Debug|Any CPU
		{9CDE03FF-9638-46AE-A601-76666ABE9F37}.Debug|Any CPU.Build.0 = Debug|Any CPU
		{9CDE03FF-9638-46AE-A601-76666ABE9F37}.Release|Any CPU.ActiveCfg = Release|Any CPU
		{9CDE03FF-9638-46AE-A601-76666ABE9F37}.Release|Any CPU.Build.0 = Release|Any CPU
	EndGlobalSection
	GlobalSection(SolutionProperties) = preSolution
		HideSolutionNode = FALSE
	EndGlobalSection
	GlobalSection(ExtensibilityGlobals) = postSolution
		SolutionGuid = {1C710E7F-D4DB-435A-98DA-27013ED593D8}
	EndGlobalSection
EndGlobal
